<?xml version="1.0" encoding="utf-8"?>
<Project ToolsVersion="17.0" xmlns="http://schemas.microsoft.com/developer/msbuild/2003">
  <ItemGroup>
    <CustomBuild Include="C:\Users\tonit\Desktop\Facultate\Sem 1\EGC\gfx-framework\testWin\CMakeFiles\f9d77d635e5f6cb244cf7f88d28dfb4e\generate.stamp.rule">
      <Filter>CMake Rules</Filter>
    </CustomBuild>
  </ItemGroup>
  <ItemGroup>
    <Filter Include="CMake Rules">
      <UniqueIdentifier>{FB041976-AC97-3E14-9108-99251377149F}</UniqueIdentifier>
    </Filter>
  </ItemGroup>
</Project>
